// !$*UTF8*$!
{
	archiveVersion = 1;
	classes = {
	};
	objectVersion = 46;
	objects = {

/* Begin PBXBuildFile section */
		2E9283EC1DABEF13009D7AC2 /* LayoutKit.framework in Frameworks */ = {isa = PBXBuildFile; fileRef = 2E9283E91DABEF07009D7AC2 /* LayoutKit.framework */; };
		2E9283EE1DABEF3A009D7AC2 /* LayoutKit.framework in Embed Frameworks */ = {isa = PBXBuildFile; fileRef = 2E9283E91DABEF07009D7AC2 /* LayoutKit.framework */; settings = {ATTRIBUTES = (CodeSignOnCopy, RemoveHeadersOnCopy, ); }; };
		2E9283FF1DABEF9D009D7AC2 /* AppDelegate.swift in Sources */ = {isa = PBXBuildFile; fileRef = 2E9283F31DABEF9D009D7AC2 /* AppDelegate.swift */; };
		2E9284001DABEF9D009D7AC2 /* LaunchScreen.storyboard in Resources */ = {isa = PBXBuildFile; fileRef = 2E9283F41DABEF9D009D7AC2 /* LaunchScreen.storyboard */; };
		2E9284021DABEF9D009D7AC2 /* TestTableViewController.swift in Sources */ = {isa = PBXBuildFile; fileRef = 2E9283F71DABEF9D009D7AC2 /* TestTableViewController.swift */; };
		2E9284031DABEF9D009D7AC2 /* TestView.swift in Sources */ = {isa = PBXBuildFile; fileRef = 2E9283F81DABEF9D009D7AC2 /* TestView.swift */; };
		2E9284041DABEF9D009D7AC2 /* TestView0.swift in Sources */ = {isa = PBXBuildFile; fileRef = 2E9283F91DABEF9D009D7AC2 /* TestView0.swift */; };
		2E9284051DABEF9D009D7AC2 /* TestView1.swift in Sources */ = {isa = PBXBuildFile; fileRef = 2E9283FA1DABEF9D009D7AC2 /* TestView1.swift */; };
		2E9284061DABEF9D009D7AC2 /* TestView2.swift in Sources */ = {isa = PBXBuildFile; fileRef = 2E9283FB1DABEF9D009D7AC2 /* TestView2.swift */; };
		2E9284071DABEF9D009D7AC2 /* TestView3.swift in Sources */ = {isa = PBXBuildFile; fileRef = 2E9283FC1DABEF9D009D7AC2 /* TestView3.swift */; };
		2E9284081DABEF9D009D7AC2 /* TestView4.swift in Sources */ = {isa = PBXBuildFile; fileRef = 2E9283FD1DABEF9D009D7AC2 /* TestView4.swift */; };
		2E9284091DABEF9D009D7AC2 /* TestView5.swift in Sources */ = {isa = PBXBuildFile; fileRef = 2E9283FE1DABEF9D009D7AC2 /* TestView5.swift */; };
		2EC0A1A21DAC96390099F386 /* TestView6.swift in Sources */ = {isa = PBXBuildFile; fileRef = 2EC0A1A11DAC96390099F386 /* TestView6.swift */; };
/* End PBXBuildFile section */

/* Begin PBXContainerItemProxy section */
		2E159DD61E8BE9FA00A24172 /* PBXContainerItemProxy */ = {
			isa = PBXContainerItemProxy;
			containerPortal = 2E9283E31DABEF07009D7AC2 /* LayoutKit.xcodeproj */;
			proxyType = 1;
			remoteGlobalIDString = 2E9283C41DABED34009D7AC2;
			remoteInfo = "LayoutKit iOS";
		};
		2E9283E81DABEF07009D7AC2 /* PBXContainerItemProxy */ = {
			isa = PBXContainerItemProxy;
			containerPortal = 2E9283E31DABEF07009D7AC2 /* LayoutKit.xcodeproj */;
			proxyType = 2;
			remoteGlobalIDString = 2E9283C51DABED34009D7AC2;
			remoteInfo = "LayoutKit iOS";
		};
		2E9283EA1DABEF07009D7AC2 /* PBXContainerItemProxy */ = {
			isa = PBXContainerItemProxy;
			containerPortal = 2E9283E31DABEF07009D7AC2 /* LayoutKit.xcodeproj */;
			proxyType = 2;
			remoteGlobalIDString = 2E9283D51DABEDF3009D7AC2;
			remoteInfo = "LayoutKit Mac";
		};
/* End PBXContainerItemProxy section */

/* Begin PBXCopyFilesBuildPhase section */
		2E88AABC1C5220D000A227BC /* Embed Frameworks */ = {
			isa = PBXCopyFilesBuildPhase;
			buildActionMask = 2147483647;
			dstPath = "";
			dstSubfolderSpec = 10;
			files = (
				2E9283EE1DABEF3A009D7AC2 /* LayoutKit.framework in Embed Frameworks */,
			);
			name = "Embed Frameworks";
			runOnlyForDeploymentPostprocessing = 0;
		};
/* End PBXCopyFilesBuildPhase section */

/* Begin PBXFileReference section */
		2E88AA921C51C8F100A227BC /* Example.app */ = {isa = PBXFileReference; explicitFileType = wrapper.application; includeInIndex = 0; path = Example.app; sourceTree = BUILT_PRODUCTS_DIR; };
		2E9283E31DABEF07009D7AC2 /* LayoutKit.xcodeproj */ = {isa = PBXFileReference; lastKnownFileType = "wrapper.pb-project"; name = LayoutKit.xcodeproj; path = ../LayoutKit.xcodeproj; sourceTree = "<group>"; };
		2E9283F31DABEF9D009D7AC2 /* AppDelegate.swift */ = {isa = PBXFileReference; fileEncoding = 4; lastKnownFileType = sourcecode.swift; path = AppDelegate.swift; sourceTree = "<group>"; };
		2E9283F51DABEF9D009D7AC2 /* Base */ = {isa = PBXFileReference; lastKnownFileType = file.storyboard; name = Base; path = Base.lproj/LaunchScreen.storyboard; sourceTree = "<group>"; };
		2E9283F61DABEF9D009D7AC2 /* Info.plist */ = {isa = PBXFileReference; fileEncoding = 4; lastKnownFileType = text.plist.xml; path = Info.plist; sourceTree = "<group>"; };
		2E9283F71DABEF9D009D7AC2 /* TestTableViewController.swift */ = {isa = PBXFileReference; fileEncoding = 4; lastKnownFileType = sourcecode.swift; path = TestTableViewController.swift; sourceTree = "<group>"; };
		2E9283F81DABEF9D009D7AC2 /* TestView.swift */ = {isa = PBXFileReference; fileEncoding = 4; lastKnownFileType = sourcecode.swift; path = TestView.swift; sourceTree = "<group>"; };
		2E9283F91DABEF9D009D7AC2 /* TestView0.swift */ = {isa = PBXFileReference; fileEncoding = 4; lastKnownFileType = sourcecode.swift; path = TestView0.swift; sourceTree = "<group>"; };
		2E9283FA1DABEF9D009D7AC2 /* TestView1.swift */ = {isa = PBXFileReference; fileEncoding = 4; lastKnownFileType = sourcecode.swift; path = TestView1.swift; sourceTree = "<group>"; };
		2E9283FB1DABEF9D009D7AC2 /* TestView2.swift */ = {isa = PBXFileReference; fileEncoding = 4; lastKnownFileType = sourcecode.swift; path = TestView2.swift; sourceTree = "<group>"; };
		2E9283FC1DABEF9D009D7AC2 /* TestView3.swift */ = {isa = PBXFileReference; fileEncoding = 4; lastKnownFileType = sourcecode.swift; path = TestView3.swift; sourceTree = "<group>"; };
		2E9283FD1DABEF9D009D7AC2 /* TestView4.swift */ = {isa = PBXFileReference; fileEncoding = 4; lastKnownFileType = sourcecode.swift; path = TestView4.swift; sourceTree = "<group>"; };
		2E9283FE1DABEF9D009D7AC2 /* TestView5.swift */ = {isa = PBXFileReference; fileEncoding = 4; lastKnownFileType = sourcecode.swift; path = TestView5.swift; sourceTree = "<group>"; };
		2EC0A1A11DAC96390099F386 /* TestView6.swift */ = {isa = PBXFileReference; fileEncoding = 4; lastKnownFileType = sourcecode.swift; path = TestView6.swift; sourceTree = "<group>"; };
/* End PBXFileReference section */

/* Begin PBXFrameworksBuildPhase section */
		2E88AA8F1C51C8F100A227BC /* Frameworks */ = {
			isa = PBXFrameworksBuildPhase;
			buildActionMask = 2147483647;
			files = (
				2E9283EC1DABEF13009D7AC2 /* LayoutKit.framework in Frameworks */,
			);
			runOnlyForDeploymentPostprocessing = 0;
		};
/* End PBXFrameworksBuildPhase section */

/* Begin PBXGroup section */
		2E88AA891C51C8F100A227BC = {
			isa = PBXGroup;
			children = (
				2E9283F21DABEF9D009D7AC2 /* Example */,
				2E88AA931C51C8F100A227BC /* Products */,
				2E9283E31DABEF07009D7AC2 /* LayoutKit.xcodeproj */,
			);
			sourceTree = "<group>";
		};
		2E88AA931C51C8F100A227BC /* Products */ = {
			isa = PBXGroup;
			children = (
				2E88AA921C51C8F100A227BC /* Example.app */,
			);
			name = Products;
			sourceTree = "<group>";
		};
		2E9283E41DABEF07009D7AC2 /* Products */ = {
			isa = PBXGroup;
			children = (
				2E9283E91DABEF07009D7AC2 /* LayoutKit.framework */,
				2E9283EB1DABEF07009D7AC2 /* LayoutKit.framework */,
			);
			name = Products;
			sourceTree = "<group>";
		};
		2E9283F21DABEF9D009D7AC2 /* Example */ = {
			isa = PBXGroup;
			children = (
				2E9283F31DABEF9D009D7AC2 /* AppDelegate.swift */,
				2E9283F41DABEF9D009D7AC2 /* LaunchScreen.storyboard */,
				2E9283F61DABEF9D009D7AC2 /* Info.plist */,
				2E9283F71DABEF9D009D7AC2 /* TestTableViewController.swift */,
				2E9283F81DABEF9D009D7AC2 /* TestView.swift */,
				2E9283F91DABEF9D009D7AC2 /* TestView0.swift */,
				2E9283FA1DABEF9D009D7AC2 /* TestView1.swift */,
				2E9283FB1DABEF9D009D7AC2 /* TestView2.swift */,
				2E9283FC1DABEF9D009D7AC2 /* TestView3.swift */,
				2E9283FD1DABEF9D009D7AC2 /* TestView4.swift */,
				2E9283FE1DABEF9D009D7AC2 /* TestView5.swift */,
				2EC0A1A11DAC96390099F386 /* TestView6.swift */,
			);
			path = Example;
			sourceTree = "<group>";
		};
/* End PBXGroup section */

/* Begin PBXNativeTarget section */
		2E88AA911C51C8F100A227BC /* Example */ = {
			isa = PBXNativeTarget;
			buildConfigurationList = 2E88AAA41C51C8F100A227BC /* Build configuration list for PBXNativeTarget "Example" */;
			buildPhases = (
				2E88AA8E1C51C8F100A227BC /* Sources */,
				2E88AA8F1C51C8F100A227BC /* Frameworks */,
				2E88AA901C51C8F100A227BC /* Resources */,
				2E88AABC1C5220D000A227BC /* Embed Frameworks */,
			);
			buildRules = (
			);
			dependencies = (
				2E159DD71E8BE9FA00A24172 /* PBXTargetDependency */,
			);
			name = Example;
			productName = "layout-ios-test";
			productReference = 2E88AA921C51C8F100A227BC /* Example.app */;
			productType = "com.apple.product-type.application";
		};
/* End PBXNativeTarget section */

/* Begin PBXProject section */
		2E88AA8A1C51C8F100A227BC /* Project object */ = {
			isa = PBXProject;
			attributes = {
				LastSwiftUpdateCheck = 0720;
				LastUpgradeCheck = 1020;
				ORGANIZATIONNAME = HJC;
				TargetAttributes = {
					2E88AA911C51C8F100A227BC = {
						CreatedOnToolsVersion = 7.2;
						LastSwiftMigration = 1020;
					};
				};
			};
			buildConfigurationList = 2E88AA8D1C51C8F100A227BC /* Build configuration list for PBXProject "Example" */;
			compatibilityVersion = "Xcode 3.2";
			developmentRegion = en;
			hasScannedForEncodings = 0;
			knownRegions = (
				en,
				Base,
			);
			mainGroup = 2E88AA891C51C8F100A227BC;
			productRefGroup = 2E88AA931C51C8F100A227BC /* Products */;
			projectDirPath = "";
			projectReferences = (
				{
					ProductGroup = 2E9283E41DABEF07009D7AC2 /* Products */;
					ProjectRef = 2E9283E31DABEF07009D7AC2 /* LayoutKit.xcodeproj */;
				},
			);
			projectRoot = "";
			targets = (
				2E88AA911C51C8F100A227BC /* Example */,
			);
		};
/* End PBXProject section */

/* Begin PBXReferenceProxy section */
		2E9283E91DABEF07009D7AC2 /* LayoutKit.framework */ = {
			isa = PBXReferenceProxy;
			fileType = wrapper.framework;
			path = LayoutKit.framework;
			remoteRef = 2E9283E81DABEF07009D7AC2 /* PBXContainerItemProxy */;
			sourceTree = BUILT_PRODUCTS_DIR;
		};
		2E9283EB1DABEF07009D7AC2 /* LayoutKit.framework */ = {
			isa = PBXReferenceProxy;
			fileType = wrapper.framework;
			path = LayoutKit.framework;
			remoteRef = 2E9283EA1DABEF07009D7AC2 /* PBXContainerItemProxy */;
			sourceTree = BUILT_PRODUCTS_DIR;
		};
/* End PBXReferenceProxy section */

/* Begin PBXResourcesBuildPhase section */
		2E88AA901C51C8F100A227BC /* Resources */ = {
			isa = PBXResourcesBuildPhase;
			buildActionMask = 2147483647;
			files = (
				2E9284001DABEF9D009D7AC2 /* LaunchScreen.storyboard in Resources */,
			);
			runOnlyForDeploymentPostprocessing = 0;
		};
/* End PBXResourcesBuildPhase section */

/* Begin PBXSourcesBuildPhase section */
		2E88AA8E1C51C8F100A227BC /* Sources */ = {
			isa = PBXSourcesBuildPhase;
			buildActionMask = 2147483647;
			files = (
				2E9284031DABEF9D009D7AC2 /* TestView.swift in Sources */,
				2E9284091DABEF9D009D7AC2 /* TestView5.swift in Sources */,
				2E9284081DABEF9D009D7AC2 /* TestView4.swift in Sources */,
				2E9284041DABEF9D009D7AC2 /* TestView0.swift in Sources */,
				2E9284051DABEF9D009D7AC2 /* TestView1.swift in Sources */,
				2E9283FF1DABEF9D009D7AC2 /* AppDelegate.swift in Sources */,
				2E9284021DABEF9D009D7AC2 /* TestTableViewController.swift in Sources */,
				2E9284061DABEF9D009D7AC2 /* TestView2.swift in Sources */,
				2E9284071DABEF9D009D7AC2 /* TestView3.swift in Sources */,
				2EC0A1A21DAC96390099F386 /* TestView6.swift in Sources */,
			);
			runOnlyForDeploymentPostprocessing = 0;
		};
/* End PBXSourcesBuildPhase section */

/* Begin PBXTargetDependency section */
		2E159DD71E8BE9FA00A24172 /* PBXTargetDependency */ = {
			isa = PBXTargetDependency;
			name = "LayoutKit iOS";
			targetProxy = 2E159DD61E8BE9FA00A24172 /* PBXContainerItemProxy */;
		};
/* End PBXTargetDependency section */

/* Begin PBXVariantGroup section */
		2E9283F41DABEF9D009D7AC2 /* LaunchScreen.storyboard */ = {
			isa = PBXVariantGroup;
			children = (
				2E9283F51DABEF9D009D7AC2 /* Base */,
			);
			name = LaunchScreen.storyboard;
			sourceTree = "<group>";
		};
/* End PBXVariantGroup section */

/* Begin XCBuildConfiguration section */
		2E88AAA21C51C8F100A227BC /* Debug */ = {
			isa = XCBuildConfiguration;
			buildSettings = {
				ALWAYS_SEARCH_USER_PATHS = NO;
				CLANG_ANALYZER_LOCALIZABILITY_NONLOCALIZED = YES;
				CLANG_CXX_LANGUAGE_STANDARD = "gnu++0x";
				CLANG_CXX_LIBRARY = "libc++";
				CLANG_ENABLE_MODULES = YES;
				CLANG_ENABLE_OBJC_ARC = YES;
				CLANG_WARN_BLOCK_CAPTURE_AUTORELEASING = YES;
				CLANG_WARN_BOOL_CONVERSION = YES;
				CLANG_WARN_COMMA = YES;
				CLANG_WARN_CONSTANT_CONVERSION = YES;
				CLANG_WARN_DEPRECATED_OBJC_IMPLEMENTATIONS = YES;
				CLANG_WARN_DIRECT_OBJC_ISA_USAGE = YES_ERROR;
				CLANG_WARN_EMPTY_BODY = YES;
				CLANG_WARN_ENUM_CONVERSION = YES;
				CLANG_WARN_INFINITE_RECURSION = YES;
				CLANG_WARN_INT_CONVERSION = YES;
				CLANG_WARN_NON_LITERAL_NULL_CONVERSION = YES;
				CLANG_WARN_OBJC_IMPLICIT_RETAIN_SELF = YES;
				CLANG_WARN_OBJC_LITERAL_CONVERSION = YES;
				CLANG_WARN_OBJC_ROOT_CLASS = YES_ERROR;
				CLANG_WARN_RANGE_LOOP_ANALYSIS = YES;
				CLANG_WARN_STRICT_PROTOTYPES = YES;
				CLANG_WARN_SUSPICIOUS_MOVE = YES;
				CLANG_WARN_UNREACHABLE_CODE = YES;
				CLANG_WARN__DUPLICATE_METHOD_MATCH = YES;
				"CODE_SIGN_IDENTITY[sdk=iphoneos*]" = "iPhone Developer";
				COPY_PHASE_STRIP = NO;
				DEBUG_INFORMATION_FORMAT = dwarf;
				ENABLE_STRICT_OBJC_MSGSEND = YES;
				ENABLE_TESTABILITY = YES;
				GCC_C_LANGUAGE_STANDARD = gnu99;
				GCC_DYNAMIC_NO_PIC = NO;
				GCC_NO_COMMON_BLOCKS = YES;
				GCC_OPTIMIZATION_LEVEL = 0;
				GCC_PREPROCESSOR_DEFINITIONS = (
					"DEBUG=1",
					"$(inherited)",
				);
				GCC_WARN_64_TO_32_BIT_CONVERSION = YES;
				GCC_WARN_ABOUT_RETURN_TYPE = YES_ERROR;
				GCC_WARN_UNDECLARED_SELECTOR = YES;
				GCC_WARN_UNINITIALIZED_AUTOS = YES_AGGRESSIVE;
				GCC_WARN_UNUSED_FUNCTION = YES;
				GCC_WARN_UNUSED_VARIABLE = YES;
				IPHONEOS_DEPLOYMENT_TARGET = 9.2;
				MTL_ENABLE_DEBUG_INFO = YES;
				ONLY_ACTIVE_ARCH = YES;
				SDKROOT = iphoneos;
				SWIFT_OPTIMIZATION_LEVEL = "-Onone";
				SWIFT_SWIFT3_OBJC_INFERENCE = Off;
				TARGETED_DEVICE_FAMILY = "1,2";
			};
			name = Debug;
		};
		2E88AAA31C51C8F100A227BC /* Release */ = {
			isa = XCBuildConfiguration;
			buildSettings = {
				ALWAYS_SEARCH_USER_PATHS = NO;
				CLANG_ANALYZER_LOCALIZABILITY_NONLOCALIZED = YES;
				CLANG_CXX_LANGUAGE_STANDARD = "gnu++0x";
				CLANG_CXX_LIBRARY = "libc++";
				CLANG_ENABLE_MODULES = YES;
				CLANG_ENABLE_OBJC_ARC = YES;
				CLANG_WARN_BLOCK_CAPTURE_AUTORELEASING = YES;
				CLANG_WARN_BOOL_CONVERSION = YES;
				CLANG_WARN_COMMA = YES;
				CLANG_WARN_CONSTANT_CONVERSION = YES;
				CLANG_WARN_DEPRECATED_OBJC_IMPLEMENTATIONS = YES;
				CLANG_WARN_DIRECT_OBJC_ISA_USAGE = YES_ERROR;
				CLANG_WARN_EMPTY_BODY = YES;
				CLANG_WARN_ENUM_CONVERSION = YES;
				CLANG_WARN_INFINITE_RECURSION = YES;
				CLANG_WARN_INT_CONVERSION = YES;
				CLANG_WARN_NON_LITERAL_NULL_CONVERSION = YES;
				CLANG_WARN_OBJC_IMPLICIT_RETAIN_SELF = YES;
				CLANG_WARN_OBJC_LITERAL_CONVERSION = YES;
				CLANG_WARN_OBJC_ROOT_CLASS = YES_ERROR;
				CLANG_WARN_RANGE_LOOP_ANALYSIS = YES;
				CLANG_WARN_STRICT_PROTOTYPES = YES;
				CLANG_WARN_SUSPICIOUS_MOVE = YES;
				CLANG_WARN_UNREACHABLE_CODE = YES;
				CLANG_WARN__DUPLICATE_METHOD_MATCH = YES;
				"CODE_SIGN_IDENTITY[sdk=iphoneos*]" = "iPhone Developer";
				COPY_PHASE_STRIP = NO;
				DEBUG_INFORMATION_FORMAT = "dwarf-with-dsym";
				ENABLE_NS_ASSERTIONS = NO;
				ENABLE_STRICT_OBJC_MSGSEND = YES;
				GCC_C_LANGUAGE_STANDARD = gnu99;
				GCC_NO_COMMON_BLOCKS = YES;
				GCC_WARN_64_TO_32_BIT_CONVERSION = YES;
				GCC_WARN_ABOUT_RETURN_TYPE = YES_ERROR;
				GCC_WARN_UNDECLARED_SELECTOR = YES;
				GCC_WARN_UNINITIALIZED_AUTOS = YES_AGGRESSIVE;
				GCC_WARN_UNUSED_FUNCTION = YES;
				GCC_WARN_UNUSED_VARIABLE = YES;
				IPHONEOS_DEPLOYMENT_TARGET = 9.2;
				MTL_ENABLE_DEBUG_INFO = NO;
				SDKROOT = iphoneos;
				SWIFT_OPTIMIZATION_LEVEL = "-Owholemodule";
				SWIFT_SWIFT3_OBJC_INFERENCE = Off;
				TARGETED_DEVICE_FAMILY = "1,2";
				VALIDATE_PRODUCT = YES;
			};
			name = Release;
		};
		2E88AAA51C51C8F100A227BC /* Debug */ = {
			isa = XCBuildConfiguration;
			buildSettings = {
				ASSETCATALOG_COMPILER_APPICON_NAME = AppIcon;
				INFOPLIST_FILE = Example/Info.plist;
				LD_RUNPATH_SEARCH_PATHS = "$(inherited) @executable_path/Frameworks";
				PRODUCT_BUNDLE_IDENTIFIER = "com.testtest.layout-ios-test";
				PRODUCT_NAME = "$(TARGET_NAME)";
				SWIFT_VERSION = 5.0;
			};
			name = Debug;
		};
		2E88AAA61C51C8F100A227BC /* Release */ = {
			isa = XCBuildConfiguration;
			buildSettings = {
				ASSETCATALOG_COMPILER_APPICON_NAME = AppIcon;
				INFOPLIST_FILE = Example/Info.plist;
				LD_RUNPATH_SEARCH_PATHS = "$(inherited) @executable_path/Frameworks";
				PRODUCT_BUNDLE_IDENTIFIER = "com.testtest.layout-ios-test";
				PRODUCT_NAME = "$(TARGET_NAME)";
				SWIFT_VERSION = 5.0;
			};
			name = Release;
		};
/* End XCBuildConfiguration section */

/* Begin XCConfigurationList section */
		2E88AA8D1C51C8F100A227BC /* Build configuration list for PBXProject "Example" */ = {
			isa = XCConfigurationList;
			buildConfigurations = (
				2E88AAA21C51C8F100A227BC /* Debug */,
				2E88AAA31C51C8F100A227BC /* Release */,
			);
			defaultConfigurationIsVisible = 0;
			defaultConfigurationName = Release;
		};
		2E88AAA41C51C8F100A227BC /* Build configuration list for PBXNativeTarget "Example" */ = {
			isa = XCConfigurationList;
			buildConfigurations = (
				2E88AAA51C51C8F100A227BC /* Debug */,
				2E88AAA61C51C8F100A227BC /* Release */,
			);
			defaultConfigurationIsVisible = 0;
			defaultConfigurationName = Release;
		};
/* End XCConfigurationList section */
	};
	rootObject = 2E88AA8A1C51C8F100A227BC /* Project object */;
}
